
Microsoft Visual Studio Solution File, Format Version 12.00
# Visual Studio Version 17
VisualStudioVersion = 17.8.34330.188
MinimumVisualStudioVersion = 10.0.40219.1
Project("{8BC9CEB8-8B4A-11D0-8D11-00A0C91BC942}") = "Lab1", "Lab1\Lab1.vcxproj", "{C65B4C26-3CBE-4C2E-99F4-A33CB91245EB}"
EndProject
Project("{8BC9CEB8-8B4A-11D0-8D11-00A0C91BC942}") = "Lab2", "Lab2\Lab2.vcxproj", "{D700B6A8-5098-44E0-9C85-166961C21D77}"
EndProject
Project("{8BC9CEB8-8B4A-11D0-8D11-00A0C91BC942}") = "Lab3", "Lab3\Lab3.vcxproj", "{95DBEE68-92BB-4E01-8555-C1A11FE2F919}"
EndProject
Project("{8BC9CEB8-8B4A-11D0-8D11-00A0C91BC942}") = "Lab4", "Lab4\Lab4.vcxproj", "{E96B7459-EEF6-4155-A838-81AF3680C507}"
EndProject
Project("{8BC9CEB8-8B4A-11D0-8D11-00A0C91BC942}") = "Lab5", "Lab5\Lab5.vcxproj", "{2E5D0ACD-6538-4D35-A381-4213527F4940}"
EndProject
Project("{8BC9CEB8-8B4A-11D0-8D11-00A0C91BC942}") = "Lab6", "Lab6\Lab6.vcxproj", "{523AF2CC-22DB-496C-932F-56CD80452714}"
EndProject
Global
	GlobalSection(SolutionConfigurationPlatforms) = preSolution
		Debug|x64 = Debug|x64
		Debug|x86 = Debug|x86
		Release|x64 = Release|x64
		Release|x86 = Release|x86
	EndGlobalSection
	GlobalSection(ProjectConfigurationPlatforms) = postSolution
		{C65B4C26-3CBE-4C2E-99F4-A33CB91245EB}.Debug|x64.ActiveCfg = Debug|x64
		{C65B4C26-3CBE-4C2E-99F4-A33CB91245EB}.Debug|x64.Build.0 = Debug|x64
		{C65B4C26-3CBE-4C2E-99F4-A33CB91245EB}.Debug|x86.ActiveCfg = Debug|Win32
		{C65B4C26-3CBE-4C2E-99F4-A33CB91245EB}.Debug|x86.Build.0 = Debug|Win32
		{C65B4C26-3CBE-4C2E-99F4-A33CB91245EB}.Release|x64.ActiveCfg = Release|x64
		{C65B4C26-3CBE-4C2E-99F4-A33CB91245EB}.Release|x64.Build.0 = Release|x64
		{C65B4C26-3CBE-4C2E-99F4-A33CB91245EB}.Release|x86.ActiveCfg = Release|Win32
		{C65B4C26-3CBE-4C2E-99F4-A33CB91245EB}.Release|x86.Build.0 = Release|Win32
		{D700B6A8-5098-44E0-9C85-166961C21D77}.Debug|x64.ActiveCfg = Debug|x64
		{D700B6A8-5098-44E0-9C85-166961C21D77}.Debug|x64.Build.0 = Debug|x64
		{D700B6A8-5098-44E0-9C85-166961C21D77}.Debug|x86.ActiveCfg = Debug|Win32
		{D700B6A8-5098-44E0-9C85-166961C21D77}.Debug|x86.Build.0 = Debug|Win32
		{D700B6A8-5098-44E0-9C85-166961C21D77}.Release|x64.ActiveCfg = Release|x64
		{D700B6A8-5098-44E0-9C85-166961C21D77}.Release|x64.Build.0 = Release|x64
		{D700B6A8-5098-44E0-9C85-166961C21D77}.Release|x86.ActiveCfg = Release|Win32
		{D700B6A8-5098-44E0-9C85-166961C21D77}.Release|x86.Build.0 = Release|Win32
		{95DBEE68-92BB-4E01-8555-C1A11FE2F919}.Debug|x64.ActiveCfg = Debug|x64
		{95DBEE68-92BB-4E01-8555-C1A11FE2F919}.Debug|x64.Build.0 = Debug|x64
		{95DBEE68-92BB-4E01-8555-C1A11FE2F919}.Debug|x86.ActiveCfg = Debug|Win32
		{95DBEE68-92BB-4E01-8555-C1A11FE2F919}.Debug|x86.Build.0 = Debug|Win32
		{95DBEE68-92BB-4E01-8555-C1A11FE2F919}.Release|x64.ActiveCfg = Release|x64
		{95DBEE68-92BB-4E01-8555-C1A11FE2F919}.Release|x64.Build.0 = Release|x64
		{95DBEE68-92BB-4E01-8555-C1A11FE2F919}.Release|x86.ActiveCfg = Release|Win32
		{95DBEE68-92BB-4E01-8555-C1A11FE2F919}.Release|x86.Build.0 = Release|Win32
		{E96B7459-EEF6-4155-A838-81AF3680C507}.Debug|x64.ActiveCfg = Debug|x64
		{E96B7459-EEF6-4155-A838-81AF3680C507}.Debug|x64.Build.0 = Debug|x64
		{E96B7459-EEF6-4155-A838-81AF3680C507}.Debug|x86.ActiveCfg = Debug|Win32
		{E96B7459-EEF6-4155-A838-81AF3680C507}.Debug|x86.Build.0 = Debug|Win32
		{E96B7459-EEF6-4155-A838-81AF3680C507}.Release|x64.ActiveCfg = Release|x64
		{E96B7459-EEF6-4155-A838-81AF3680C507}.Release|x64.Build.0 = Release|x64
		{E96B7459-EEF6-4155-A838-81AF3680C507}.Release|x86.ActiveCfg = Release|Win32
		{E96B7459-EEF6-4155-A838-81AF3680C507}.Release|x86.Build.0 = Release|Win32
		{2E5D0ACD-6538-4D35-A381-4213527F4940}.Debug|x64.ActiveCfg = Debug|x64
		{2E5D0ACD-6538-4D35-A381-4213527F4940}.Debug|x64.Build.0 = Debug|x64
		{2E5D0ACD-6538-4D35-A381-4213527F4940}.Debug|x86.ActiveCfg = Debug|Win32
		{2E5D0ACD-6538-4D35-A381-4213527F4940}.Debug|x86.Build.0 = Debug|Win32
		{2E5D0ACD-6538-4D35-A381-4213527F4940}.Release|x64.ActiveCfg = Release|x64
		{2E5D0ACD-6538-4D35-A381-4213527F4940}.Release|x64.Build.0 = Release|x64
		{2E5D0ACD-6538-4D35-A381-4213527F4940}.Release|x86.ActiveCfg = Release|Win32
		{2E5D0ACD-6538-4D35-A381-4213527F4940}.Release|x86.Build.0 = Release|Win32
		{523AF2CC-22DB-496C-932F-56CD80452714}.Debug|x64.ActiveCfg = Debug|x64
		{523AF2CC-22DB-496C-932F-56CD80452714}.Debug|x64.Build.0 = Debug|x64
		{523AF2CC-22DB-496C-932F-56CD80452714}.Debug|x86.ActiveCfg = Debug|Win32
		{523AF2CC-22DB-496C-932F-56CD80452714}.Debug|x86.Build.0 = Debug|Win32
		{523AF2CC-22DB-496C-932F-56CD80452714}.Release|x64.ActiveCfg = Release|x64
		{523AF2CC-22DB-496C-932F-56CD80452714}.Release|x64.Build.0 = Release|x64
		{523AF2CC-22DB-496C-932F-56CD80452714}.Release|x86.ActiveCfg = Release|Win32
		{523AF2CC-22DB-496C-932F-56CD80452714}.Release|x86.Build.0 = Release|Win32
	EndGlobalSection
	GlobalSection(SolutionProperties) = preSolution
		HideSolutionNode = FALSE
	EndGlobalSection
	GlobalSection(ExtensibilityGlobals) = postSolution
		SolutionGuid = {85086021-EFE3-4EAD-ADDF-41DEB6F2FB6B}
	EndGlobalSection
EndGlobal
